{
  "originHash" : "0140a6e0ad0dfc04ae140597c04af0ecde61b245fe8084e92bcb6a7f041d663d",
  "pins" : [
    {
      "identity" : "mediakeytap",
      "kind" : "remoteSourceControl",
      "location" : "https://github.com/MonitorControl/MediaKeyTap.git",
      "state" : {
        "revision" : "22293b608bb9e7072960a2002d77ebbbdb3ba859"
      }
    },
    {
      "identity" : "sonosapi",
      "kind" : "remoteSourceControl",
      "location" : "https://github.com/denisblondeau/SonosAPI",
      "state" : {
        "revision" : "ba276392381f20ad3c01717ff5b5fb5ee41acb89",
        "version" : "1.3.0"
      }
    }
  ],
  "version" : 3
}
